
Microsoft Visual Studio Solution File, Format Version 12.00
# Visual Studio Version 17
VisualStudioVersion = 17.3.32804.467
MinimumVisualStudioVersion = 10.0.40219.1
Project("{9A19103F-16F7-4668-BE54-9A1E7A4F7556}") = "SingleLinkeed List", "SingleLinkeed List\SingleLinkeed List.csproj", "{B5FEF78E-E161-45BA-9A4A-265B56A8532F}"
EndProject
Project("{9A19103F-16F7-4668-BE54-9A1E7A4F7556}") = "CommonFunctions", "CommonFunctions\CommonFunctions.csproj", "{741ED670-AA78-4330-8DF2-23E8A7CC0746}"
EndProject
Project("{9A19103F-16F7-4668-BE54-9A1E7A4F7556}") = "DoubledLinkedList", "DoubledLinkedList\DoubledLinkedList.csproj", "{DC87C6AA-6D5E-429A-A2CA-7CBE9090E474}"
EndProject
Project("{9A19103F-16F7-4668-BE54-9A1E7A4F7556}") = "CircularLinkedList", "CircularLinkedList\CircularLinkedList.csproj", "{401C07B9-5F96-4E5D-A96D-D507A7B11CB6}"
EndProject
Project("{9A19103F-16F7-4668-BE54-9A1E7A4F7556}") = "Stack", "Stack\Stack.csproj", "{C59D24AE-72C5-4CC7-8133-28CBA42AE9F2}"
EndProject
Project("{9A19103F-16F7-4668-BE54-9A1E7A4F7556}") = "BinarySearchTree", "BinarySearchTree\BinarySearchTree.csproj", "{AC9901F8-EC59-4D3F-A210-82D7351BBB99}"
EndProject
Project("{9A19103F-16F7-4668-BE54-9A1E7A4F7556}") = "CircularDoubledLinkedList", "CircularDoubledLinkedList\CircularDoubledLinkedList.csproj", "{F48383C8-0296-4083-B496-F1430B9B13EE}"
EndProject
Project("{9A19103F-16F7-4668-BE54-9A1E7A4F7556}") = "StackLinkedList", "StackLinkedList\StackLinkedList.csproj", "{80DC014B-49EB-473D-83FE-4D102815319F}"
EndProject
Project("{9A19103F-16F7-4668-BE54-9A1E7A4F7556}") = "Queue", "Queue\Queue.csproj", "{186B4EA4-869A-4A6B-8F9C-1419BCCC0B8A}"
EndProject
Project("{9A19103F-16F7-4668-BE54-9A1E7A4F7556}") = "QueueLinkedList", "QueueLinkedList\QueueLinkedList.csproj", "{B13CDD7C-24EE-43BF-92A8-E4DAF645434E}"
EndProject
Project("{9A19103F-16F7-4668-BE54-9A1E7A4F7556}") = "GraphsTest", "GraphsTest\GraphsTest.csproj", "{DC772F27-3CA9-46DC-BF1B-0EBB63CBD13B}"
EndProject
Project("{9A19103F-16F7-4668-BE54-9A1E7A4F7556}") = "GraphsMath", "GraphsMath\GraphsMath.csproj", "{535FED6E-67D4-4E6C-9916-EB407061921F}"
EndProject
Project("{9A19103F-16F7-4668-BE54-9A1E7A4F7556}") = "Heaps", "Heaps\Heaps.csproj", "{7EE8503B-8BB0-4B2F-A306-7B7AC64A9A24}"
EndProject
Project("{9A19103F-16F7-4668-BE54-9A1E7A4F7556}") = "PriorityQueues", "PriorityQueues\PriorityQueues.csproj", "{284A42E4-4A3B-4354-A556-DD8FEE48415C}"
EndProject
Global
	GlobalSection(SolutionConfigurationPlatforms) = preSolution
		Debug|Any CPU = Debug|Any CPU
		Debug|x64 = Debug|x64
		Debug|x86 = Debug|x86
		Release|Any CPU = Release|Any CPU
		Release|x64 = Release|x64
		Release|x86 = Release|x86
	EndGlobalSection
	GlobalSection(ProjectConfigurationPlatforms) = postSolution
		{B5FEF78E-E161-45BA-9A4A-265B56A8532F}.Debug|Any CPU.ActiveCfg = Debug|Any CPU
		{B5FEF78E-E161-45BA-9A4A-265B56A8532F}.Debug|Any CPU.Build.0 = Debug|Any CPU
		{B5FEF78E-E161-45BA-9A4A-265B56A8532F}.Debug|x64.ActiveCfg = Debug|Any CPU
		{B5FEF78E-E161-45BA-9A4A-265B56A8532F}.Debug|x64.Build.0 = Debug|Any CPU
		{B5FEF78E-E161-45BA-9A4A-265B56A8532F}.Debug|x86.ActiveCfg = Debug|Any CPU
		{B5FEF78E-E161-45BA-9A4A-265B56A8532F}.Debug|x86.Build.0 = Debug|Any CPU
		{B5FEF78E-E161-45BA-9A4A-265B56A8532F}.Release|Any CPU.ActiveCfg = Release|Any CPU
		{B5FEF78E-E161-45BA-9A4A-265B56A8532F}.Release|Any CPU.Build.0 = Release|Any CPU
		{B5FEF78E-E161-45BA-9A4A-265B56A8532F}.Release|x64.ActiveCfg = Release|Any CPU
		{B5FEF78E-E161-45BA-9A4A-265B56A8532F}.Release|x64.Build.0 = Release|Any CPU
		{B5FEF78E-E161-45BA-9A4A-265B56A8532F}.Release|x86.ActiveCfg = Release|Any CPU
		{B5FEF78E-E161-45BA-9A4A-265B56A8532F}.Release|x86.Build.0 = Release|Any CPU
		{741ED670-AA78-4330-8DF2-23E8A7CC0746}.Debug|Any CPU.ActiveCfg = Debug|Any CPU
		{741ED670-AA78-4330-8DF2-23E8A7CC0746}.Debug|Any CPU.Build.0 = Debug|Any CPU
		{741ED670-AA78-4330-8DF2-23E8A7CC0746}.Debug|x64.ActiveCfg = Debug|Any CPU
		{741ED670-AA78-4330-8DF2-23E8A7CC0746}.Debug|x64.Build.0 = Debug|Any CPU
		{741ED670-AA78-4330-8DF2-23E8A7CC0746}.Debug|x86.ActiveCfg = Debug|Any CPU
		{741ED670-AA78-4330-8DF2-23E8A7CC0746}.Debug|x86.Build.0 = Debug|Any CPU
		{741ED670-AA78-4330-8DF2-23E8A7CC0746}.Release|Any CPU.ActiveCfg = Release|Any CPU
		{741ED670-AA78-4330-8DF2-23E8A7CC0746}.Release|Any CPU.Build.0 = Release|Any CPU
		{741ED670-AA78-4330-8DF2-23E8A7CC0746}.Release|x64.ActiveCfg = Release|Any CPU
		{741ED670-AA78-4330-8DF2-23E8A7CC0746}.Release|x64.Build.0 = Release|Any CPU
		{741ED670-AA78-4330-8DF2-23E8A7CC0746}.Release|x86.ActiveCfg = Release|Any CPU
		{741ED670-AA78-4330-8DF2-23E8A7CC0746}.Release|x86.Build.0 = Release|Any CPU
		{DC87C6AA-6D5E-429A-A2CA-7CBE9090E474}.Debug|Any CPU.ActiveCfg = Debug|Any CPU
		{DC87C6AA-6D5E-429A-A2CA-7CBE9090E474}.Debug|Any CPU.Build.0 = Debug|Any CPU
		{DC87C6AA-6D5E-429A-A2CA-7CBE9090E474}.Debug|x64.ActiveCfg = Debug|Any CPU
		{DC87C6AA-6D5E-429A-A2CA-7CBE9090E474}.Debug|x64.Build.0 = Debug|Any CPU
		{DC87C6AA-6D5E-429A-A2CA-7CBE9090E474}.Debug|x86.ActiveCfg = Debug|Any CPU
		{DC87C6AA-6D5E-429A-A2CA-7CBE9090E474}.Debug|x86.Build.0 = Debug|Any CPU
		{DC87C6AA-6D5E-429A-A2CA-7CBE9090E474}.Release|Any CPU.ActiveCfg = Release|Any CPU
		{DC87C6AA-6D5E-429A-A2CA-7CBE9090E474}.Release|Any CPU.Build.0 = Release|Any CPU
		{DC87C6AA-6D5E-429A-A2CA-7CBE9090E474}.Release|x64.ActiveCfg = Release|Any CPU
		{DC87C6AA-6D5E-429A-A2CA-7CBE9090E474}.Release|x64.Build.0 = Release|Any CPU
		{DC87C6AA-6D5E-429A-A2CA-7CBE9090E474}.Release|x86.ActiveCfg = Release|Any CPU
		{DC87C6AA-6D5E-429A-A2CA-7CBE9090E474}.Release|x86.Build.0 = Release|Any CPU
		{401C07B9-5F96-4E5D-A96D-D507A7B11CB6}.Debug|Any CPU.ActiveCfg = Debug|Any CPU
		{401C07B9-5F96-4E5D-A96D-D507A7B11CB6}.Debug|Any CPU.Build.0 = Debug|Any CPU
		{401C07B9-5F96-4E5D-A96D-D507A7B11CB6}.Debug|x64.ActiveCfg = Debug|Any CPU
		{401C07B9-5F96-4E5D-A96D-D507A7B11CB6}.Debug|x64.Build.0 = Debug|Any CPU
		{401C07B9-5F96-4E5D-A96D-D507A7B11CB6}.Debug|x86.ActiveCfg = Debug|Any CPU
		{401C07B9-5F96-4E5D-A96D-D507A7B11CB6}.Debug|x86.Build.0 = Debug|Any CPU
		{401C07B9-5F96-4E5D-A96D-D507A7B11CB6}.Release|Any CPU.ActiveCfg = Release|Any CPU
		{401C07B9-5F96-4E5D-A96D-D507A7B11CB6}.Release|Any CPU.Build.0 = Release|Any CPU
		{401C07B9-5F96-4E5D-A96D-D507A7B11CB6}.Release|x64.ActiveCfg = Release|Any CPU
		{401C07B9-5F96-4E5D-A96D-D507A7B11CB6}.Release|x64.Build.0 = Release|Any CPU
		{401C07B9-5F96-4E5D-A96D-D507A7B11CB6}.Release|x86.ActiveCfg = Release|Any CPU
		{401C07B9-5F96-4E5D-A96D-D507A7B11CB6}.Release|x86.Build.0 = Release|Any CPU
		{C59D24AE-72C5-4CC7-8133-28CBA42AE9F2}.Debug|Any CPU.ActiveCfg = Debug|Any CPU
		{C59D24AE-72C5-4CC7-8133-28CBA42AE9F2}.Debug|Any CPU.Build.0 = Debug|Any CPU
		{C59D24AE-72C5-4CC7-8133-28CBA42AE9F2}.Debug|x64.ActiveCfg = Debug|Any CPU
		{C59D24AE-72C5-4CC7-8133-28CBA42AE9F2}.Debug|x64.Build.0 = Debug|Any CPU
		{C59D24AE-72C5-4CC7-8133-28CBA42AE9F2}.Debug|x86.ActiveCfg = Debug|Any CPU
		{C59D24AE-72C5-4CC7-8133-28CBA42AE9F2}.Debug|x86.Build.0 = Debug|Any CPU
		{C59D24AE-72C5-4CC7-8133-28CBA42AE9F2}.Release|Any CPU.ActiveCfg = Release|Any CPU
		{C59D24AE-72C5-4CC7-8133-28CBA42AE9F2}.Release|Any CPU.Build.0 = Release|Any CPU
		{C59D24AE-72C5-4CC7-8133-28CBA42AE9F2}.Release|x64.ActiveCfg = Release|Any CPU
		{C59D24AE-72C5-4CC7-8133-28CBA42AE9F2}.Release|x64.Build.0 = Release|Any CPU
		{C59D24AE-72C5-4CC7-8133-28CBA42AE9F2}.Release|x86.ActiveCfg = Release|Any CPU
		{C59D24AE-72C5-4CC7-8133-28CBA42AE9F2}.Release|x86.Build.0 = Release|Any CPU
		{AC9901F8-EC59-4D3F-A210-82D7351BBB99}.Debug|Any CPU.ActiveCfg = Debug|Any CPU
		{AC9901F8-EC59-4D3F-A210-82D7351BBB99}.Debug|Any CPU.Build.0 = Debug|Any CPU
		{AC9901F8-EC59-4D3F-A210-82D7351BBB99}.Debug|x64.ActiveCfg = Debug|Any CPU
		{AC9901F8-EC59-4D3F-A210-82D7351BBB99}.Debug|x64.Build.0 = Debug|Any CPU
		{AC9901F8-EC59-4D3F-A210-82D7351BBB99}.Debug|x86.ActiveCfg = Debug|Any CPU
		{AC9901F8-EC59-4D3F-A210-82D7351BBB99}.Debug|x86.Build.0 = Debug|Any CPU
		{AC9901F8-EC59-4D3F-A210-82D7351BBB99}.Release|Any CPU.ActiveCfg = Release|Any CPU
		{AC9901F8-EC59-4D3F-A210-82D7351BBB99}.Release|Any CPU.Build.0 = Release|Any CPU
		{AC9901F8-EC59-4D3F-A210-82D7351BBB99}.Release|x64.ActiveCfg = Release|Any CPU
		{AC9901F8-EC59-4D3F-A210-82D7351BBB99}.Release|x64.Build.0 = Release|Any CPU
		{AC9901F8-EC59-4D3F-A210-82D7351BBB99}.Release|x86.ActiveCfg = Release|Any CPU
		{AC9901F8-EC59-4D3F-A210-82D7351BBB99}.Release|x86.Build.0 = Release|Any CPU
		{F48383C8-0296-4083-B496-F1430B9B13EE}.Debug|Any CPU.ActiveCfg = Debug|Any CPU
		{F48383C8-0296-4083-B496-F1430B9B13EE}.Debug|Any CPU.Build.0 = Debug|Any CPU
		{F48383C8-0296-4083-B496-F1430B9B13EE}.Debug|x64.ActiveCfg = Debug|Any CPU
		{F48383C8-0296-4083-B496-F1430B9B13EE}.Debug|x64.Build.0 = Debug|Any CPU
		{F48383C8-0296-4083-B496-F1430B9B13EE}.Debug|x86.ActiveCfg = Debug|Any CPU
		{F48383C8-0296-4083-B496-F1430B9B13EE}.Debug|x86.Build.0 = Debug|Any CPU
		{F48383C8-0296-4083-B496-F1430B9B13EE}.Release|Any CPU.ActiveCfg = Release|Any CPU
		{F48383C8-0296-4083-B496-F1430B9B13EE}.Release|Any CPU.Build.0 = Release|Any CPU
		{F48383C8-0296-4083-B496-F1430B9B13EE}.Release|x64.ActiveCfg = Release|Any CPU
		{F48383C8-0296-4083-B496-F1430B9B13EE}.Release|x64.Build.0 = Release|Any CPU
		{F48383C8-0296-4083-B496-F1430B9B13EE}.Release|x86.ActiveCfg = Release|Any CPU
		{F48383C8-0296-4083-B496-F1430B9B13EE}.Release|x86.Build.0 = Release|Any CPU
		{80DC014B-49EB-473D-83FE-4D102815319F}.Debug|Any CPU.ActiveCfg = Debug|Any CPU
		{80DC014B-49EB-473D-83FE-4D102815319F}.Debug|Any CPU.Build.0 = Debug|Any CPU
		{80DC014B-49EB-473D-83FE-4D102815319F}.Debug|x64.ActiveCfg = Debug|Any CPU
		{80DC014B-49EB-473D-83FE-4D102815319F}.Debug|x64.Build.0 = Debug|Any CPU
		{80DC014B-49EB-473D-83FE-4D102815319F}.Debug|x86.ActiveCfg = Debug|Any CPU
		{80DC014B-49EB-473D-83FE-4D102815319F}.Debug|x86.Build.0 = Debug|Any CPU
		{80DC014B-49EB-473D-83FE-4D102815319F}.Release|Any CPU.ActiveCfg = Release|Any CPU
		{80DC014B-49EB-473D-83FE-4D102815319F}.Release|Any CPU.Build.0 = Release|Any CPU
		{80DC014B-49EB-473D-83FE-4D102815319F}.Release|x64.ActiveCfg = Release|Any CPU
		{80DC014B-49EB-473D-83FE-4D102815319F}.Release|x64.Build.0 = Release|Any CPU
		{80DC014B-49EB-473D-83FE-4D102815319F}.Release|x86.ActiveCfg = Release|Any CPU
		{80DC014B-49EB-473D-83FE-4D102815319F}.Release|x86.Build.0 = Release|Any CPU
		{186B4EA4-869A-4A6B-8F9C-1419BCCC0B8A}.Debug|Any CPU.ActiveCfg = Debug|Any CPU
		{186B4EA4-869A-4A6B-8F9C-1419BCCC0B8A}.Debug|Any CPU.Build.0 = Debug|Any CPU
		{186B4EA4-869A-4A6B-8F9C-1419BCCC0B8A}.Debug|x64.ActiveCfg = Debug|Any CPU
		{186B4EA4-869A-4A6B-8F9C-1419BCCC0B8A}.Debug|x64.Build.0 = Debug|Any CPU
		{186B4EA4-869A-4A6B-8F9C-1419BCCC0B8A}.Debug|x86.ActiveCfg = Debug|Any CPU
		{186B4EA4-869A-4A6B-8F9C-1419BCCC0B8A}.Debug|x86.Build.0 = Debug|Any CPU
		{186B4EA4-869A-4A6B-8F9C-1419BCCC0B8A}.Release|Any CPU.ActiveCfg = Release|Any CPU
		{186B4EA4-869A-4A6B-8F9C-1419BCCC0B8A}.Release|Any CPU.Build.0 = Release|Any CPU
		{186B4EA4-869A-4A6B-8F9C-1419BCCC0B8A}.Release|x64.ActiveCfg = Release|Any CPU
		{186B4EA4-869A-4A6B-8F9C-1419BCCC0B8A}.Release|x64.Build.0 = Release|Any CPU
		{186B4EA4-869A-4A6B-8F9C-1419BCCC0B8A}.Release|x86.ActiveCfg = Release|Any CPU
		{186B4EA4-869A-4A6B-8F9C-1419BCCC0B8A}.Release|x86.Build.0 = Release|Any CPU
		{B13CDD7C-24EE-43BF-92A8-E4DAF645434E}.Debug|Any CPU.ActiveCfg = Debug|Any CPU
		{B13CDD7C-24EE-43BF-92A8-E4DAF645434E}.Debug|Any CPU.Build.0 = Debug|Any CPU
		{B13CDD7C-24EE-43BF-92A8-E4DAF645434E}.Debug|x64.ActiveCfg = Debug|Any CPU
		{B13CDD7C-24EE-43BF-92A8-E4DAF645434E}.Debug|x64.Build.0 = Debug|Any CPU
		{B13CDD7C-24EE-43BF-92A8-E4DAF645434E}.Debug|x86.ActiveCfg = Debug|Any CPU
		{B13CDD7C-24EE-43BF-92A8-E4DAF645434E}.Debug|x86.Build.0 = Debug|Any CPU
		{B13CDD7C-24EE-43BF-92A8-E4DAF645434E}.Release|Any CPU.ActiveCfg = Release|Any CPU
		{B13CDD7C-24EE-43BF-92A8-E4DAF645434E}.Release|Any CPU.Build.0 = Release|Any CPU
		{B13CDD7C-24EE-43BF-92A8-E4DAF645434E}.Release|x64.ActiveCfg = Release|Any CPU
		{B13CDD7C-24EE-43BF-92A8-E4DAF645434E}.Release|x64.Build.0 = Release|Any CPU
		{B13CDD7C-24EE-43BF-92A8-E4DAF645434E}.Release|x86.ActiveCfg = Release|Any CPU
		{B13CDD7C-24EE-43BF-92A8-E4DAF645434E}.Release|x86.Build.0 = Release|Any CPU
		{DC772F27-3CA9-46DC-BF1B-0EBB63CBD13B}.Debug|Any CPU.ActiveCfg = Debug|Any CPU
		{DC772F27-3CA9-46DC-BF1B-0EBB63CBD13B}.Debug|Any CPU.Build.0 = Debug|Any CPU
		{DC772F27-3CA9-46DC-BF1B-0EBB63CBD13B}.Debug|x64.ActiveCfg = Debug|Any CPU
		{DC772F27-3CA9-46DC-BF1B-0EBB63CBD13B}.Debug|x64.Build.0 = Debug|Any CPU
		{DC772F27-3CA9-46DC-BF1B-0EBB63CBD13B}.Debug|x86.ActiveCfg = Debug|Any CPU
		{DC772F27-3CA9-46DC-BF1B-0EBB63CBD13B}.Debug|x86.Build.0 = Debug|Any CPU
		{DC772F27-3CA9-46DC-BF1B-0EBB63CBD13B}.Release|Any CPU.ActiveCfg = Release|Any CPU
		{DC772F27-3CA9-46DC-BF1B-0EBB63CBD13B}.Release|Any CPU.Build.0 = Release|Any CPU
		{DC772F27-3CA9-46DC-BF1B-0EBB63CBD13B}.Release|x64.ActiveCfg = Release|Any CPU
		{DC772F27-3CA9-46DC-BF1B-0EBB63CBD13B}.Release|x64.Build.0 = Release|Any CPU
		{DC772F27-3CA9-46DC-BF1B-0EBB63CBD13B}.Release|x86.ActiveCfg = Release|Any CPU
		{DC772F27-3CA9-46DC-BF1B-0EBB63CBD13B}.Release|x86.Build.0 = Release|Any CPU
		{535FED6E-67D4-4E6C-9916-EB407061921F}.Debug|Any CPU.ActiveCfg = Debug|Any CPU
		{535FED6E-67D4-4E6C-9916-EB407061921F}.Debug|Any CPU.Build.0 = Debug|Any CPU
		{535FED6E-67D4-4E6C-9916-EB407061921F}.Debug|x64.ActiveCfg = Debug|Any CPU
		{535FED6E-67D4-4E6C-9916-EB407061921F}.Debug|x64.Build.0 = Debug|Any CPU
		{535FED6E-67D4-4E6C-9916-EB407061921F}.Debug|x86.ActiveCfg = Debug|Any CPU
		{535FED6E-67D4-4E6C-9916-EB407061921F}.Debug|x86.Build.0 = Debug|Any CPU
		{535FED6E-67D4-4E6C-9916-EB407061921F}.Release|Any CPU.ActiveCfg = Release|Any CPU
		{535FED6E-67D4-4E6C-9916-EB407061921F}.Release|Any CPU.Build.0 = Release|Any CPU
		{535FED6E-67D4-4E6C-9916-EB407061921F}.Release|x64.ActiveCfg = Release|Any CPU
		{535FED6E-67D4-4E6C-9916-EB407061921F}.Release|x64.Build.0 = Release|Any CPU
		{535FED6E-67D4-4E6C-9916-EB407061921F}.Release|x86.ActiveCfg = Release|Any CPU
		{535FED6E-67D4-4E6C-9916-EB407061921F}.Release|x86.Build.0 = Release|Any CPU
		{7EE8503B-8BB0-4B2F-A306-7B7AC64A9A24}.Debug|Any CPU.ActiveCfg = Debug|Any CPU
		{7EE8503B-8BB0-4B2F-A306-7B7AC64A9A24}.Debug|Any CPU.Build.0 = Debug|Any CPU
		{7EE8503B-8BB0-4B2F-A306-7B7AC64A9A24}.Debug|x64.ActiveCfg = Debug|Any CPU
		{7EE8503B-8BB0-4B2F-A306-7B7AC64A9A24}.Debug|x64.Build.0 = Debug|Any CPU
		{7EE8503B-8BB0-4B2F-A306-7B7AC64A9A24}.Debug|x86.ActiveCfg = Debug|Any CPU
		{7EE8503B-8BB0-4B2F-A306-7B7AC64A9A24}.Debug|x86.Build.0 = Debug|Any CPU
		{7EE8503B-8BB0-4B2F-A306-7B7AC64A9A24}.Release|Any CPU.ActiveCfg = Release|Any CPU
		{7EE8503B-8BB0-4B2F-A306-7B7AC64A9A24}.Release|Any CPU.Build.0 = Release|Any CPU
		{7EE8503B-8BB0-4B2F-A306-7B7AC64A9A24}.Release|x64.ActiveCfg = Release|Any CPU
		{7EE8503B-8BB0-4B2F-A306-7B7AC64A9A24}.Release|x64.Build.0 = Release|Any CPU
		{7EE8503B-8BB0-4B2F-A306-7B7AC64A9A24}.Release|x86.ActiveCfg = Release|Any CPU
		{7EE8503B-8BB0-4B2F-A306-7B7AC64A9A24}.Release|x86.Build.0 = Release|Any CPU
		{284A42E4-4A3B-4354-A556-DD8FEE48415C}.Debug|Any CPU.ActiveCfg = Debug|Any CPU
		{284A42E4-4A3B-4354-A556-DD8FEE48415C}.Debug|Any CPU.Build.0 = Debug|Any CPU
		{284A42E4-4A3B-4354-A556-DD8FEE48415C}.Debug|x64.ActiveCfg = Debug|Any CPU
		{284A42E4-4A3B-4354-A556-DD8FEE48415C}.Debug|x64.Build.0 = Debug|Any CPU
		{284A42E4-4A3B-4354-A556-DD8FEE48415C}.Debug|x86.ActiveCfg = Debug|Any CPU
		{284A42E4-4A3B-4354-A556-DD8FEE48415C}.Debug|x86.Build.0 = Debug|Any CPU
		{284A42E4-4A3B-4354-A556-DD8FEE48415C}.Release|Any CPU.ActiveCfg = Release|Any CPU
		{284A42E4-4A3B-4354-A556-DD8FEE48415C}.Release|Any CPU.Build.0 = Release|Any CPU
		{284A42E4-4A3B-4354-A556-DD8FEE48415C}.Release|x64.ActiveCfg = Release|Any CPU
		{284A42E4-4A3B-4354-A556-DD8FEE48415C}.Release|x64.Build.0 = Release|Any CPU
		{284A42E4-4A3B-4354-A556-DD8FEE48415C}.Release|x86.ActiveCfg = Release|Any CPU
		{284A42E4-4A3B-4354-A556-DD8FEE48415C}.Release|x86.Build.0 = Release|Any CPU
	EndGlobalSection
	GlobalSection(SolutionProperties) = preSolution
		HideSolutionNode = FALSE
	EndGlobalSection
	GlobalSection(ExtensibilityGlobals) = postSolution
		SolutionGuid = {2C793C19-4378-4523-A363-189A5DE7A41F}
	EndGlobalSection
EndGlobal
